
Microsoft Visual Studio Solution File, Format Version 12.00
# Visual Studio Version 17
VisualStudioVersion = 17.8.34511.84
MinimumVisualStudioVersion = 10.0.40219.1
Project("{FAE04EC0-301F-11D3-BF4B-00C04F79EFBC}") = "NumberBaseConverter", "NumberBaseConverter\NumberBaseConverter.csproj", "{588B8DAA-2C5A-4CC5-9298-EB31285FFD10}"
EndProject
Global
	GlobalSection(SolutionConfigurationPlatforms) = preSolution
		Debug|Any CPU = Debug|Any CPU
		Release|Any CPU = Release|Any CPU
	EndGlobalSection
	GlobalSection(ProjectConfigurationPlatforms) = postSolution
		{588B8DAA-2C5A-4CC5-9298-EB31285FFD10}.Debug|Any CPU.ActiveCfg = Debug|Any CPU
		{588B8DAA-2C5A-4CC5-9298-EB31285FFD10}.Debug|Any CPU.Build.0 = Debug|Any CPU
		{588B8DAA-2C5A-4CC5-9298-EB31285FFD10}.Release|Any CPU.ActiveCfg = Release|Any CPU
		{588B8DAA-2C5A-4CC5-9298-EB31285FFD10}.Release|Any CPU.Build.0 = Release|Any CPU
	EndGlobalSection
	GlobalSection(SolutionProperties) = preSolution
		HideSolutionNode = FALSE
	EndGlobalSection
	GlobalSection(ExtensibilityGlobals) = postSolution
		SolutionGuid = {B484657E-3605-4766-A422-E6BA9E98297C}
	EndGlobalSection
EndGlobal
